schema: '2.0'
stages:
  get-features:
    cmd: python3 scripts/data_processing/get_features.py datasets/raw/train.csv
    deps:
    - path: datasets/raw/train.csv
      md5: 61fdd54abdbf6a85b778e937122e1194
      size: 60302
    - path: scripts/data_processing/get_features.py
      md5: 32652b45b18d7936a6f8783a26bb2037
      size: 889
    outs:
    - path: datasets/stage1
      md5: c0881bca7abe13d308e7996ec518d6c1.dir
      size: 10961
      nfiles: 1
  fill-na:
    cmd: python3 scripts/data_processing/fill_na.py datasets/stage1/train.csv
    deps:
    - path: datasets/stage1/train.csv
      md5: ce04b7010e5b8c96d78c7f501f4f298a
      size: 10961
    - path: scripts/data_processing/fill_na.py
      md5: a7990c08d1922a10f5e672cbf8e2ffb1
      size: 1178
    outs:
    - path: datasets/stage2
      md5: 38ffb0e6ed0c9060ac0c4107264db377.dir
      size: 13047
      nfiles: 1
  text_to_numeric:
    cmd: python3 scripts/data_processing/change_text_to_numeric.py datasets/stage2/train.csv
    deps:
    - path: datasets/stage2/train.csv
      md5: 231233a23fa1f34387c8c88d8cb6adb4
      size: 13047
    - path: scripts/data_processing/change_text_to_numeric.py
      md5: 93e52323de8ad7e8622e75a2eaec4166
      size: 1109
    outs:
    - path: datasets/stage3
      md5: 11d427dcb67284c1873cc067a2da2424.dir
      size: 9746
      nfiles: 1
  train:
    cmd: python3 scripts/model_learning/dt.py ./datasets/stage3/train.csv
    deps:
    - path: datasets/stage3
      md5: 11d427dcb67284c1873cc067a2da2424.dir
      size: 9746
      nfiles: 1
    - path: scripts/model_learning/dt.py
      md5: 0e7658fd453c5e46939f63d24fe206b0
      size: 391
